
Microsoft Visual Studio Solution File, Format Version 12.00
# Visual Studio Version 17
VisualStudioVersion = 17.4.33122.133
MinimumVisualStudioVersion = 10.0.40219.1
Project("{FAE04EC0-301F-11D3-BF4B-00C04F79EFBC}") = "DownloadVideo", "DownloadVideo.csproj", "{66D18CC8-5DF0-4794-8789-8497247411F7}"
EndProject
Global
	GlobalSection(SolutionConfigurationPlatforms) = preSolution
		Debug|Any CPU = Debug|Any CPU
		Release|Any CPU = Release|Any CPU
	EndGlobalSection
	GlobalSection(ProjectConfigurationPlatforms) = postSolution
		{66D18CC8-5DF0-4794-8789-8497247411F7}.Debug|Any CPU.ActiveCfg = Debug|Any CPU
		{66D18CC8-5DF0-4794-8789-8497247411F7}.Debug|Any CPU.Build.0 = Debug|Any CPU
		{66D18CC8-5DF0-4794-8789-8497247411F7}.Release|Any CPU.ActiveCfg = Release|Any CPU
		{66D18CC8-5DF0-4794-8789-8497247411F7}.Release|Any CPU.Build.0 = Release|Any CPU
	EndGlobalSection
	GlobalSection(SolutionProperties) = preSolution
		HideSolutionNode = FALSE
	EndGlobalSection
	GlobalSection(ExtensibilityGlobals) = postSolution
		SolutionGuid = {F34B4910-FAB8-4875-A2CA-70286C440C6D}
	EndGlobalSection
EndGlobal
